// !$*UTF8*$!
{
	archiveVersion = 1;
	classes = {
	};
	objectVersion = 46;
	objects = {

/* Begin PBXBuildFile section */
		370960F81C9863C800416B57 /* ConnectionManager.swift in Sources */ = {isa = PBXBuildFile; fileRef = 370960F71C9863C800416B57 /* ConnectionManager.swift */; };
		370961011C98749700416B57 /* Section.swift in Sources */ = {isa = PBXBuildFile; fileRef = 370961001C98749700416B57 /* Section.swift */; };
		370961031C987E4900416B57 /* PostTableViewCell.swift in Sources */ = {isa = PBXBuildFile; fileRef = 370961021C987E4900416B57 /* PostTableViewCell.swift */; };
		370961121C987F9400416B57 /* GCD.swift in Sources */ = {isa = PBXBuildFile; fileRef = 370961111C987F9400416B57 /* GCD.swift */; };
		37343BBE1C696FF30058CDDA /* SWRevealViewController.m in Sources */ = {isa = PBXBuildFile; fileRef = 37343BBD1C696FF30058CDDA /* SWRevealViewController.m */; };
		37343BCA1C69788E0058CDDA /* MenuTableViewController.swift in Sources */ = {isa = PBXBuildFile; fileRef = 37343BC91C69788E0058CDDA /* MenuTableViewController.swift */; };
		37343BCC1C697EA80058CDDA /* HomeTableViewController.swift in Sources */ = {isa = PBXBuildFile; fileRef = 37343BCB1C697EA80058CDDA /* HomeTableViewController.swift */; };
		37ACAF9A1CCBBD940059CBB5 /* AskViewController.swift in Sources */ = {isa = PBXBuildFile; fileRef = 37ACAF991CCBBD940059CBB5 /* AskViewController.swift */; };
		37ACAF9D1CCBBF800059CBB5 /* QuestionViewController.swift in Sources */ = {isa = PBXBuildFile; fileRef = 37ACAF9C1CCBBF800059CBB5 /* QuestionViewController.swift */; };
		37ACAF9F1CCBBFC10059CBB5 /* LoginViewController.swift in Sources */ = {isa = PBXBuildFile; fileRef = 37ACAF9E1CCBBFC10059CBB5 /* LoginViewController.swift */; };
		37ACAFA11CCBCF490059CBB5 /* HTTPUtility.swift in Sources */ = {isa = PBXBuildFile; fileRef = 37ACAFA01CCBCF490059CBB5 /* HTTPUtility.swift */; };
		37CD2BCC1CCD650D00EE8382 /* PostRepository.swift in Sources */ = {isa = PBXBuildFile; fileRef = 37CD2BCB1CCD650D00EE8382 /* PostRepository.swift */; };
		37CD2BCE1CCD653B00EE8382 /* UserRepository.swift in Sources */ = {isa = PBXBuildFile; fileRef = 37CD2BCD1CCD653B00EE8382 /* UserRepository.swift */; };
		37EDFFD11C696EA7003D6BAA /* AppDelegate.swift in Sources */ = {isa = PBXBuildFile; fileRef = 37EDFFD01C696EA7003D6BAA /* AppDelegate.swift */; };
		37EDFFD61C696EA7003D6BAA /* Main.storyboard in Resources */ = {isa = PBXBuildFile; fileRef = 37EDFFD41C696EA7003D6BAA /* Main.storyboard */; };
		37EDFFD91C696EA7003D6BAA /* CoffeeHipster.xcdatamodeld in Sources */ = {isa = PBXBuildFile; fileRef = 37EDFFD71C696EA7003D6BAA /* CoffeeHipster.xcdatamodeld */; };
		37EDFFDB1C696EA7003D6BAA /* Assets.xcassets in Resources */ = {isa = PBXBuildFile; fileRef = 37EDFFDA1C696EA7003D6BAA /* Assets.xcassets */; };
		37EDFFDE1C696EA7003D6BAA /* LaunchScreen.storyboard in Resources */ = {isa = PBXBuildFile; fileRef = 37EDFFDC1C696EA7003D6BAA /* LaunchScreen.storyboard */; };
		37EDFFE91C696EA7003D6BAA /* CoffeeHipsterTests.swift in Sources */ = {isa = PBXBuildFile; fileRef = 37EDFFE81C696EA7003D6BAA /* CoffeeHipsterTests.swift */; };
		7267905C1CE431D600E5A10F /* Extension+SegueHandlerType.swift in Sources */ = {isa = PBXBuildFile; fileRef = 7267905B1CE431D600E5A10F /* Extension+SegueHandlerType.swift */; };
		7267905E1CE43B8900E5A10F /* Extension+UITableViewCell.swift in Sources */ = {isa = PBXBuildFile; fileRef = 7267905D1CE43B8900E5A10F /* Extension+UITableViewCell.swift */; };
		726790601CE43FAE00E5A10F /* ExploreViewController.swift in Sources */ = {isa = PBXBuildFile; fileRef = 7267905F1CE43FAE00E5A10F /* ExploreViewController.swift */; };
		726790641CE4420A00E5A10F /* TrendingTableViewController.swift in Sources */ = {isa = PBXBuildFile; fileRef = 726790631CE4420A00E5A10F /* TrendingTableViewController.swift */; };
		726790661CE4436500E5A10F /* WikiRepository.swift in Sources */ = {isa = PBXBuildFile; fileRef = 726790651CE4436500E5A10F /* WikiRepository.swift */; };
		726790681CE4444F00E5A10F /* StatRepository.swift in Sources */ = {isa = PBXBuildFile; fileRef = 726790671CE4444F00E5A10F /* StatRepository.swift */; };
		729A06A91CE16B9D006FBB6E /* TimerViewController.swift in Sources */ = {isa = PBXBuildFile; fileRef = 729A06A71CE16B9D006FBB6E /* TimerViewController.swift */; };
		729A06AD1CE16BD3006FBB6E /* TimerSettingsViewController.swift in Sources */ = {isa = PBXBuildFile; fileRef = 729A06AB1CE16BD3006FBB6E /* TimerSettingsViewController.swift */; };
		729A06B11CE16E08006FBB6E /* TimerPresetViewController.swift in Sources */ = {isa = PBXBuildFile; fileRef = 729A06AF1CE16E08006FBB6E /* TimerPresetViewController.swift */; };
		729A06B41CE172C9006FBB6E /* TimerSettingsTableViewController.swift in Sources */ = {isa = PBXBuildFile; fileRef = 729A06B31CE172C9006FBB6E /* TimerSettingsTableViewController.swift */; };
		729A06B61CE17A64006FBB6E /* TimerPageViewController.swift in Sources */ = {isa = PBXBuildFile; fileRef = 729A06B51CE17A64006FBB6E /* TimerPageViewController.swift */; };
		72AE8D371CE2A07300C35659 /* SegueHandlerType.swift in Sources */ = {isa = PBXBuildFile; fileRef = 72AE8D361CE2A07300C35659 /* SegueHandlerType.swift */; };
		72AE8D391CE2A1CB00C35659 /* ManagedObject.swift in Sources */ = {isa = PBXBuildFile; fileRef = 72AE8D381CE2A1CB00C35659 /* ManagedObject.swift */; };
		72AE8D3C1CE2A20500C35659 /* ManagedObjectContextSettable.swift in Sources */ = {isa = PBXBuildFile; fileRef = 72AE8D3B1CE2A20500C35659 /* ManagedObjectContextSettable.swift */; };
		72AE8D3F1CE2A39000C35659 /* RevealViewController.swift in Sources */ = {isa = PBXBuildFile; fileRef = 72AE8D3E1CE2A39000C35659 /* RevealViewController.swift */; };
		72AE8D411CE2A47200C35659 /* RootViewController.swift in Sources */ = {isa = PBXBuildFile; fileRef = 72AE8D401CE2A47200C35659 /* RootViewController.swift */; };
		72AE8D431CE2A96A00C35659 /* Extension+UIViewController.swift in Sources */ = {isa = PBXBuildFile; fileRef = 72AE8D421CE2A96A00C35659 /* Extension+UIViewController.swift */; };
		72AE8D451CE2AAB300C35659 /* Revealable.swift in Sources */ = {isa = PBXBuildFile; fileRef = 72AE8D441CE2AAB300C35659 /* Revealable.swift */; };
		72AE8D561CE2E63C00C35659 /* Post1.swift in Sources */ = {isa = PBXBuildFile; fileRef = 72AE8D531CE2E63C00C35659 /* Post1.swift */; };
		72AE8D571CE2E63C00C35659 /* Tag.swift in Sources */ = {isa = PBXBuildFile; fileRef = 72AE8D541CE2E63C00C35659 /* Tag.swift */; };
		72AE8D581CE2E63C00C35659 /* UserObj.swift in Sources */ = {isa = PBXBuildFile; fileRef = 72AE8D551CE2E63C00C35659 /* UserObj.swift */; };
		72AE8D661CE2E86F00C35659 /* Post.swift in Sources */ = {isa = PBXBuildFile; fileRef = 72AE8D621CE2E86F00C35659 /* Post.swift */; };
		72AE8D681CE2E86F00C35659 /* User.swift in Sources */ = {isa = PBXBuildFile; fileRef = 72AE8D641CE2E86F00C35659 /* User.swift */; };
		72BF88221CE3FFFE000FF5DB /* Extension+NSManagedObjectContext.swift in Sources */ = {isa = PBXBuildFile; fileRef = 72BF88211CE3FFFE000FF5DB /* Extension+NSManagedObjectContext.swift */; };
		72BF88261CE415DD000FF5DB /* Extension+NSManagedObject.swift in Sources */ = {isa = PBXBuildFile; fileRef = 72BF88251CE415DD000FF5DB /* Extension+NSManagedObject.swift */; };
		D6ADD715993818B624C8E8C6 /* Pods_CoffeeHipster.framework in Frameworks */ = {isa = PBXBuildFile; fileRef = 2FD5A9A705F7E48D6AEB3EF2 /* Pods_CoffeeHipster.framework */; };
/* End PBXBuildFile section */

/* Begin PBXContainerItemProxy section */
		37EDFFE51C696EA7003D6BAA /* PBXContainerItemProxy */ = {
			isa = PBXContainerItemProxy;
			containerPortal = 37EDFFC51C696EA7003D6BAA /* Project object */;
			proxyType = 1;
			remoteGlobalIDString = 37EDFFCC1C696EA7003D6BAA;
			remoteInfo = CoffeeHipster;
		};
/* End PBXContainerItemProxy section */

/* Begin PBXFileReference section */
		275ADCAED731E9FE1DF592A1 /* Pods-CoffeeHipster.debug.xcconfig */ = {isa = PBXFileReference; includeInIndex = 1; lastKnownFileType = text.xcconfig; name = "Pods-CoffeeHipster.debug.xcconfig"; path = "Pods/Target Support Files/Pods-CoffeeHipster/Pods-CoffeeHipster.debug.xcconfig"; sourceTree = "<group>"; };
		2FD5A9A705F7E48D6AEB3EF2 /* Pods_CoffeeHipster.framework */ = {isa = PBXFileReference; explicitFileType = wrapper.framework; includeInIndex = 0; path = Pods_CoffeeHipster.framework; sourceTree = BUILT_PRODUCTS_DIR; };
		370960F71C9863C800416B57 /* ConnectionManager.swift */ = {isa = PBXFileReference; fileEncoding = 4; lastKnownFileType = sourcecode.swift; path = ConnectionManager.swift; sourceTree = "<group>"; };
		370961001C98749700416B57 /* Section.swift */ = {isa = PBXFileReference; fileEncoding = 4; lastKnownFileType = sourcecode.swift; path = Section.swift; sourceTree = "<group>"; };
		370961021C987E4900416B57 /* PostTableViewCell.swift */ = {isa = PBXFileReference; fileEncoding = 4; lastKnownFileType = sourcecode.swift; path = PostTableViewCell.swift; sourceTree = "<group>"; };
		370961111C987F9400416B57 /* GCD.swift */ = {isa = PBXFileReference; fileEncoding = 4; lastKnownFileType = sourcecode.swift; path = GCD.swift; sourceTree = "<group>"; };
		37343BBB1C696FF20058CDDA /* CoffeeHipster-Bridging-Header.h */ = {isa = PBXFileReference; lastKnownFileType = sourcecode.c.h; path = "CoffeeHipster-Bridging-Header.h"; sourceTree = "<group>"; };
		37343BBC1C696FF30058CDDA /* SWRevealViewController.h */ = {isa = PBXFileReference; fileEncoding = 4; lastKnownFileType = sourcecode.c.h; path = SWRevealViewController.h; sourceTree = "<group>"; };
		37343BBD1C696FF30058CDDA /* SWRevealViewController.m */ = {isa = PBXFileReference; fileEncoding = 4; lastKnownFileType = sourcecode.c.objc; path = SWRevealViewController.m; sourceTree = "<group>"; };
		37343BC91C69788E0058CDDA /* MenuTableViewController.swift */ = {isa = PBXFileReference; fileEncoding = 4; lastKnownFileType = sourcecode.swift; path = MenuTableViewController.swift; sourceTree = "<group>"; };
		37343BCB1C697EA80058CDDA /* HomeTableViewController.swift */ = {isa = PBXFileReference; fileEncoding = 4; lastKnownFileType = sourcecode.swift; path = HomeTableViewController.swift; sourceTree = "<group>"; };
		37ACAF991CCBBD940059CBB5 /* AskViewController.swift */ = {isa = PBXFileReference; fileEncoding = 4; lastKnownFileType = sourcecode.swift; path = AskViewController.swift; sourceTree = "<group>"; };
		37ACAF9C1CCBBF800059CBB5 /* QuestionViewController.swift */ = {isa = PBXFileReference; fileEncoding = 4; lastKnownFileType = sourcecode.swift; path = QuestionViewController.swift; sourceTree = "<group>"; };
		37ACAF9E1CCBBFC10059CBB5 /* LoginViewController.swift */ = {isa = PBXFileReference; fileEncoding = 4; lastKnownFileType = sourcecode.swift; path = LoginViewController.swift; sourceTree = "<group>"; };
		37ACAFA01CCBCF490059CBB5 /* HTTPUtility.swift */ = {isa = PBXFileReference; fileEncoding = 4; lastKnownFileType = sourcecode.swift; path = HTTPUtility.swift; sourceTree = "<group>"; };
		37CD2BCB1CCD650D00EE8382 /* PostRepository.swift */ = {isa = PBXFileReference; fileEncoding = 4; lastKnownFileType = sourcecode.swift; path = PostRepository.swift; sourceTree = "<group>"; };
		37CD2BCD1CCD653B00EE8382 /* UserRepository.swift */ = {isa = PBXFileReference; fileEncoding = 4; lastKnownFileType = sourcecode.swift; path = UserRepository.swift; sourceTree = "<group>"; };
		37EDFFCD1C696EA7003D6BAA /* CoffeeHipster.app */ = {isa = PBXFileReference; explicitFileType = wrapper.application; includeInIndex = 0; path = CoffeeHipster.app; sourceTree = BUILT_PRODUCTS_DIR; };
		37EDFFD01C696EA7003D6BAA /* AppDelegate.swift */ = {isa = PBXFileReference; lastKnownFileType = sourcecode.swift; path = AppDelegate.swift; sourceTree = "<group>"; };
		37EDFFD51C696EA7003D6BAA /* Base */ = {isa = PBXFileReference; lastKnownFileType = file.storyboard; name = Base; path = Base.lproj/Main.storyboard; sourceTree = "<group>"; };
		37EDFFD81C696EA7003D6BAA /* CoffeeHipster.xcdatamodel */ = {isa = PBXFileReference; lastKnownFileType = wrapper.xcdatamodel; path = CoffeeHipster.xcdatamodel; sourceTree = "<group>"; };
		37EDFFDA1C696EA7003D6BAA /* Assets.xcassets */ = {isa = PBXFileReference; lastKnownFileType = folder.assetcatalog; path = Assets.xcassets; sourceTree = "<group>"; };
		37EDFFDD1C696EA7003D6BAA /* Base */ = {isa = PBXFileReference; lastKnownFileType = file.storyboard; name = Base; path = Base.lproj/LaunchScreen.storyboard; sourceTree = "<group>"; };
		37EDFFDF1C696EA7003D6BAA /* Info.plist */ = {isa = PBXFileReference; lastKnownFileType = text.plist.xml; path = Info.plist; sourceTree = "<group>"; };
		37EDFFE41C696EA7003D6BAA /* CoffeeHipsterTests.xctest */ = {isa = PBXFileReference; explicitFileType = wrapper.cfbundle; includeInIndex = 0; path = CoffeeHipsterTests.xctest; sourceTree = BUILT_PRODUCTS_DIR; };
		37EDFFE81C696EA7003D6BAA /* CoffeeHipsterTests.swift */ = {isa = PBXFileReference; lastKnownFileType = sourcecode.swift; path = CoffeeHipsterTests.swift; sourceTree = "<group>"; };
		37EDFFEA1C696EA7003D6BAA /* Info.plist */ = {isa = PBXFileReference; lastKnownFileType = text.plist.xml; path = Info.plist; sourceTree = "<group>"; };
		7267905B1CE431D600E5A10F /* Extension+SegueHandlerType.swift */ = {isa = PBXFileReference; fileEncoding = 4; lastKnownFileType = sourcecode.swift; path = "Extension+SegueHandlerType.swift"; sourceTree = "<group>"; };
		7267905D1CE43B8900E5A10F /* Extension+UITableViewCell.swift */ = {isa = PBXFileReference; fileEncoding = 4; lastKnownFileType = sourcecode.swift; path = "Extension+UITableViewCell.swift"; sourceTree = "<group>"; };
		7267905F1CE43FAE00E5A10F /* ExploreViewController.swift */ = {isa = PBXFileReference; fileEncoding = 4; lastKnownFileType = sourcecode.swift; path = ExploreViewController.swift; sourceTree = "<group>"; };
		726790631CE4420A00E5A10F /* TrendingTableViewController.swift */ = {isa = PBXFileReference; fileEncoding = 4; lastKnownFileType = sourcecode.swift; path = TrendingTableViewController.swift; sourceTree = "<group>"; };
		726790651CE4436500E5A10F /* WikiRepository.swift */ = {isa = PBXFileReference; fileEncoding = 4; lastKnownFileType = sourcecode.swift; path = WikiRepository.swift; sourceTree = "<group>"; };
		726790671CE4444F00E5A10F /* StatRepository.swift */ = {isa = PBXFileReference; fileEncoding = 4; lastKnownFileType = sourcecode.swift; path = StatRepository.swift; sourceTree = "<group>"; };
		729A06A71CE16B9D006FBB6E /* TimerViewController.swift */ = {isa = PBXFileReference; fileEncoding = 4; lastKnownFileType = sourcecode.swift; path = TimerViewController.swift; sourceTree = "<group>"; };
		729A06AB1CE16BD3006FBB6E /* TimerSettingsViewController.swift */ = {isa = PBXFileReference; fileEncoding = 4; lastKnownFileType = sourcecode.swift; path = TimerSettingsViewController.swift; sourceTree = "<group>"; };
		729A06AF1CE16E08006FBB6E /* TimerPresetViewController.swift */ = {isa = PBXFileReference; fileEncoding = 4; lastKnownFileType = sourcecode.swift; path = TimerPresetViewController.swift; sourceTree = "<group>"; };
		729A06B31CE172C9006FBB6E /* TimerSettingsTableViewController.swift */ = {isa = PBXFileReference; fileEncoding = 4; lastKnownFileType = sourcecode.swift; path = TimerSettingsTableViewController.swift; sourceTree = "<group>"; };
		729A06B51CE17A64006FBB6E /* TimerPageViewController.swift */ = {isa = PBXFileReference; fileEncoding = 4; lastKnownFileType = sourcecode.swift; path = TimerPageViewController.swift; sourceTree = "<group>"; };
		72AE8D361CE2A07300C35659 /* SegueHandlerType.swift */ = {isa = PBXFileReference; fileEncoding = 4; lastKnownFileType = sourcecode.swift; path = SegueHandlerType.swift; sourceTree = "<group>"; };
		72AE8D381CE2A1CB00C35659 /* ManagedObject.swift */ = {isa = PBXFileReference; fileEncoding = 4; lastKnownFileType = sourcecode.swift; path = ManagedObject.swift; sourceTree = "<group>"; };
		72AE8D3B1CE2A20500C35659 /* ManagedObjectContextSettable.swift */ = {isa = PBXFileReference; fileEncoding = 4; lastKnownFileType = sourcecode.swift; path = ManagedObjectContextSettable.swift; sourceTree = "<group>"; };
		72AE8D3E1CE2A39000C35659 /* RevealViewController.swift */ = {isa = PBXFileReference; fileEncoding = 4; lastKnownFileType = sourcecode.swift; path = RevealViewController.swift; sourceTree = "<group>"; };
		72AE8D401CE2A47200C35659 /* RootViewController.swift */ = {isa = PBXFileReference; fileEncoding = 4; lastKnownFileType = sourcecode.swift; path = RootViewController.swift; sourceTree = "<group>"; };
		72AE8D421CE2A96A00C35659 /* Extension+UIViewController.swift */ = {isa = PBXFileReference; fileEncoding = 4; lastKnownFileType = sourcecode.swift; path = "Extension+UIViewController.swift"; sourceTree = "<group>"; };
		72AE8D441CE2AAB300C35659 /* Revealable.swift */ = {isa = PBXFileReference; fileEncoding = 4; lastKnownFileType = sourcecode.swift; path = Revealable.swift; sourceTree = "<group>"; };
		72AE8D531CE2E63C00C35659 /* Post1.swift */ = {isa = PBXFileReference; fileEncoding = 4; lastKnownFileType = sourcecode.swift; path = Post1.swift; sourceTree = "<group>"; };
		72AE8D541CE2E63C00C35659 /* Tag.swift */ = {isa = PBXFileReference; fileEncoding = 4; lastKnownFileType = sourcecode.swift; path = Tag.swift; sourceTree = "<group>"; };
		72AE8D551CE2E63C00C35659 /* UserObj.swift */ = {isa = PBXFileReference; fileEncoding = 4; lastKnownFileType = sourcecode.swift; path = UserObj.swift; sourceTree = "<group>"; };
		72AE8D621CE2E86F00C35659 /* Post.swift */ = {isa = PBXFileReference; fileEncoding = 4; lastKnownFileType = sourcecode.swift; path = Post.swift; sourceTree = "<group>"; };
		72AE8D641CE2E86F00C35659 /* User.swift */ = {isa = PBXFileReference; fileEncoding = 4; lastKnownFileType = sourcecode.swift; path = User.swift; sourceTree = "<group>"; };
		72BF88211CE3FFFE000FF5DB /* Extension+NSManagedObjectContext.swift */ = {isa = PBXFileReference; fileEncoding = 4; lastKnownFileType = sourcecode.swift; path = "Extension+NSManagedObjectContext.swift"; sourceTree = "<group>"; };
		72BF88251CE415DD000FF5DB /* Extension+NSManagedObject.swift */ = {isa = PBXFileReference; fileEncoding = 4; lastKnownFileType = sourcecode.swift; path = "Extension+NSManagedObject.swift"; sourceTree = "<group>"; };
		8D5EB6BEB010366BB1AF8BAE /* Pods-CoffeeHipster.release.xcconfig */ = {isa = PBXFileReference; includeInIndex = 1; lastKnownFileType = text.xcconfig; name = "Pods-CoffeeHipster.release.xcconfig"; path = "Pods/Target Support Files/Pods-CoffeeHipster/Pods-CoffeeHipster.release.xcconfig"; sourceTree = "<group>"; };
/* End PBXFileReference section */

/* Begin PBXFrameworksBuildPhase section */
		37EDFFCA1C696EA7003D6BAA /* Frameworks */ = {
			isa = PBXFrameworksBuildPhase;
			buildActionMask = 2147483647;
			files = (
				D6ADD715993818B624C8E8C6 /* Pods_CoffeeHipster.framework in Frameworks */,
			);
			runOnlyForDeploymentPostprocessing = 0;
		};
		37EDFFE11C696EA7003D6BAA /* Frameworks */ = {
			isa = PBXFrameworksBuildPhase;
			buildActionMask = 2147483647;
			files = (
			);
			runOnlyForDeploymentPostprocessing = 0;
		};
/* End PBXFrameworksBuildPhase section */

/* Begin PBXGroup section */
		370960F91C9866E900416B57 /* Models */ = {
			isa = PBXGroup;
			children = (
				72AE8D621CE2E86F00C35659 /* Post.swift */,
				72AE8D641CE2E86F00C35659 /* User.swift */,
				72AE8D461CE2BB6C00C35659 /* ViewModels */,
			);
			name = Models;
			sourceTree = "<group>";
		};
		370961131C987FA100416B57 /* Common */ = {
			isa = PBXGroup;
			children = (
				72BF88201CE3FEF1000FF5DB /* Extensions */,
				7267905A1CE431B900E5A10F /* Protocols */,
				37ACAF961CCBBC5A0059CBB5 /* Connect */,
				72AE8D3A1CE2A1E200C35659 /* Persistance */,
				370961111C987F9400416B57 /* GCD.swift */,
				370961001C98749700416B57 /* Section.swift */,
				72AE8D401CE2A47200C35659 /* RootViewController.swift */,
				37343BC91C69788E0058CDDA /* MenuTableViewController.swift */,
			);
			name = Common;
			sourceTree = "<group>";
		};
		37343BC01C69704F0058CDDA /* Timer */ = {
			isa = PBXGroup;
			children = (
				729A06B51CE17A64006FBB6E /* TimerPageViewController.swift */,
				729A06A71CE16B9D006FBB6E /* TimerViewController.swift */,
				729A06AB1CE16BD3006FBB6E /* TimerSettingsViewController.swift */,
				729A06B31CE172C9006FBB6E /* TimerSettingsTableViewController.swift */,
				729A06AF1CE16E08006FBB6E /* TimerPresetViewController.swift */,
			);
			name = Timer;
			sourceTree = "<group>";
		};
		37343BC11C6970CA0058CDDA /* Coffee Wiki */ = {
			isa = PBXGroup;
			children = (
				7267905F1CE43FAE00E5A10F /* ExploreViewController.swift */,
				726790631CE4420A00E5A10F /* TrendingTableViewController.swift */,
			);
			name = "Coffee Wiki";
			sourceTree = "<group>";
		};
		37343BC31C6972DF0058CDDA /* Home */ = {
			isa = PBXGroup;
			children = (
				37343BCB1C697EA80058CDDA /* HomeTableViewController.swift */,
				370961021C987E4900416B57 /* PostTableViewCell.swift */,
			);
			name = Home;
			sourceTree = "<group>";
		};
		37ACAF961CCBBC5A0059CBB5 /* Connect */ = {
			isa = PBXGroup;
			children = (
				370960F71C9863C800416B57 /* ConnectionManager.swift */,
				37CD2BCB1CCD650D00EE8382 /* PostRepository.swift */,
				37CD2BCD1CCD653B00EE8382 /* UserRepository.swift */,
				726790651CE4436500E5A10F /* WikiRepository.swift */,
				726790671CE4444F00E5A10F /* StatRepository.swift */,
				37ACAFA01CCBCF490059CBB5 /* HTTPUtility.swift */,
			);
			name = Connect;
			sourceTree = "<group>";
		};
		37ACAF9B1CCBBD9E0059CBB5 /* Exchange */ = {
			isa = PBXGroup;
			children = (
				37ACAF9E1CCBBFC10059CBB5 /* LoginViewController.swift */,
				37ACAF991CCBBD940059CBB5 /* AskViewController.swift */,
				37ACAF9C1CCBBF800059CBB5 /* QuestionViewController.swift */,
			);
			name = Exchange;
			sourceTree = "<group>";
		};
		37EDFFC41C696EA7003D6BAA = {
			isa = PBXGroup;
			children = (
				37EDFFCF1C696EA7003D6BAA /* CoffeeHipster */,
				37EDFFE71C696EA7003D6BAA /* CoffeeHipsterTests */,
				37EDFFCE1C696EA7003D6BAA /* Products */,
				7C58F4D9614A8067D9A90514 /* Pods */,
				8F335F0502A067174CCFEE79 /* Frameworks */,
			);
			sourceTree = "<group>";
		};
		37EDFFCE1C696EA7003D6BAA /* Products */ = {
			isa = PBXGroup;
			children = (
				37EDFFCD1C696EA7003D6BAA /* CoffeeHipster.app */,
				37EDFFE41C696EA7003D6BAA /* CoffeeHipsterTests.xctest */,
			);
			name = Products;
			sourceTree = "<group>";
		};
		37EDFFCF1C696EA7003D6BAA /* CoffeeHipster */ = {
			isa = PBXGroup;
			children = (
				37EDFFD01C696EA7003D6BAA /* AppDelegate.swift */,
				37EDFFD41C696EA7003D6BAA /* Main.storyboard */,
				370961131C987FA100416B57 /* Common */,
				370960F91C9866E900416B57 /* Models */,
				726790571CE42DF900E5A10F /* Sections */,
				72AE8D3D1CE2A36A00C35659 /* SWReveal */,
				37EDFFDA1C696EA7003D6BAA /* Assets.xcassets */,
				37EDFFDC1C696EA7003D6BAA /* LaunchScreen.storyboard */,
				37EDFFDF1C696EA7003D6BAA /* Info.plist */,
				37EDFFD71C696EA7003D6BAA /* CoffeeHipster.xcdatamodeld */,
				37343BBB1C696FF20058CDDA /* CoffeeHipster-Bridging-Header.h */,
			);
			path = CoffeeHipster;
			sourceTree = "<group>";
		};
		37EDFFE71C696EA7003D6BAA /* CoffeeHipsterTests */ = {
			isa = PBXGroup;
			children = (
				37EDFFE81C696EA7003D6BAA /* CoffeeHipsterTests.swift */,
				37EDFFEA1C696EA7003D6BAA /* Info.plist */,
			);
			path = CoffeeHipsterTests;
			sourceTree = "<group>";
		};
		726790571CE42DF900E5A10F /* Sections */ = {
			isa = PBXGroup;
			children = (
				37343BC31C6972DF0058CDDA /* Home */,
				37ACAF9B1CCBBD9E0059CBB5 /* Exchange */,
				37343BC01C69704F0058CDDA /* Timer */,
				37343BC11C6970CA0058CDDA /* Coffee Wiki */,
			);
			name = Sections;
			sourceTree = "<group>";
		};
		7267905A1CE431B900E5A10F /* Protocols */ = {
			isa = PBXGroup;
			children = (
				72AE8D361CE2A07300C35659 /* SegueHandlerType.swift */,
				72AE8D441CE2AAB300C35659 /* Revealable.swift */,
			);
			name = Protocols;
			sourceTree = "<group>";
		};
		72AE8D3A1CE2A1E200C35659 /* Persistance */ = {
			isa = PBXGroup;
			children = (
				72AE8D381CE2A1CB00C35659 /* ManagedObject.swift */,
				72AE8D3B1CE2A20500C35659 /* ManagedObjectContextSettable.swift */,
			);
			name = Persistance;
			sourceTree = "<group>";
		};
		72AE8D3D1CE2A36A00C35659 /* SWReveal */ = {
			isa = PBXGroup;
			children = (
				37343BBC1C696FF30058CDDA /* SWRevealViewController.h */,
				37343BBD1C696FF30058CDDA /* SWRevealViewController.m */,
				72AE8D3E1CE2A39000C35659 /* RevealViewController.swift */,
			);
			name = SWReveal;
			sourceTree = "<group>";
		};
		72AE8D461CE2BB6C00C35659 /* ViewModels */ = {
			isa = PBXGroup;
			children = (
				72AE8D531CE2E63C00C35659 /* Post1.swift */,
				72AE8D541CE2E63C00C35659 /* Tag.swift */,
				72AE8D551CE2E63C00C35659 /* UserObj.swift */,
			);
			name = ViewModels;
			sourceTree = "<group>";
		};
		72BF88201CE3FEF1000FF5DB /* Extensions */ = {
			isa = PBXGroup;
			children = (
				72AE8D421CE2A96A00C35659 /* Extension+UIViewController.swift */,
				72BF88211CE3FFFE000FF5DB /* Extension+NSManagedObjectContext.swift */,
				72BF88251CE415DD000FF5DB /* Extension+NSManagedObject.swift */,
				7267905B1CE431D600E5A10F /* Extension+SegueHandlerType.swift */,
				7267905D1CE43B8900E5A10F /* Extension+UITableViewCell.swift */,
			);
			name = Extensions;
			sourceTree = "<group>";
		};
		7C58F4D9614A8067D9A90514 /* Pods */ = {
			isa = PBXGroup;
			children = (
				275ADCAED731E9FE1DF592A1 /* Pods-CoffeeHipster.debug.xcconfig */,
				8D5EB6BEB010366BB1AF8BAE /* Pods-CoffeeHipster.release.xcconfig */,
			);
			name = Pods;
			sourceTree = "<group>";
		};
		8F335F0502A067174CCFEE79 /* Frameworks */ = {
			isa = PBXGroup;
			children = (
				2FD5A9A705F7E48D6AEB3EF2 /* Pods_CoffeeHipster.framework */,
			);
			name = Frameworks;
			sourceTree = "<group>";
		};
/* End PBXGroup section */

/* Begin PBXNativeTarget section */
		37EDFFCC1C696EA7003D6BAA /* CoffeeHipster */ = {
			isa = PBXNativeTarget;
			buildConfigurationList = 37EDFFED1C696EA7003D6BAA /* Build configuration list for PBXNativeTarget "CoffeeHipster" */;
			buildPhases = (
				540A28B4673F5F9DF5C9D5A6 /* Check Pods Manifest.lock */,
				37EDFFC91C696EA7003D6BAA /* Sources */,
				37EDFFCA1C696EA7003D6BAA /* Frameworks */,
				37EDFFCB1C696EA7003D6BAA /* Resources */,
				D79CB2EA81B2E9EA6E69068A /* Embed Pods Frameworks */,
				F832895EC47F6F7A62133CB2 /* Copy Pods Resources */,
			);
			buildRules = (
			);
			dependencies = (
			);
			name = CoffeeHipster;
			productName = CoffeeHipster;
			productReference = 37EDFFCD1C696EA7003D6BAA /* CoffeeHipster.app */;
			productType = "com.apple.product-type.application";
		};
		37EDFFE31C696EA7003D6BAA /* CoffeeHipsterTests */ = {
			isa = PBXNativeTarget;
			buildConfigurationList = 37EDFFF01C696EA7003D6BAA /* Build configuration list for PBXNativeTarget "CoffeeHipsterTests" */;
			buildPhases = (
				37EDFFE01C696EA7003D6BAA /* Sources */,
				37EDFFE11C696EA7003D6BAA /* Frameworks */,
				37EDFFE21C696EA7003D6BAA /* Resources */,
			);
			buildRules = (
			);
			dependencies = (
				37EDFFE61C696EA7003D6BAA /* PBXTargetDependency */,
			);
			name = CoffeeHipsterTests;
			productName = CoffeeHipsterTests;
			productReference = 37EDFFE41C696EA7003D6BAA /* CoffeeHipsterTests.xctest */;
			productType = "com.apple.product-type.bundle.unit-test";
		};
/* End PBXNativeTarget section */

/* Begin PBXProject section */
		37EDFFC51C696EA7003D6BAA /* Project object */ = {
			isa = PBXProject;
			attributes = {
				LastSwiftUpdateCheck = 0720;
				LastUpgradeCheck = 0720;
				ORGANIZATIONNAME = "Dan Beaulieu";
				TargetAttributes = {
					37EDFFCC1C696EA7003D6BAA = {
						CreatedOnToolsVersion = 7.2.1;
					};
					37EDFFE31C696EA7003D6BAA = {
						CreatedOnToolsVersion = 7.2.1;
						TestTargetID = 37EDFFCC1C696EA7003D6BAA;
					};
				};
			};
			buildConfigurationList = 37EDFFC81C696EA7003D6BAA /* Build configuration list for PBXProject "CoffeeHipster" */;
			compatibilityVersion = "Xcode 3.2";
			developmentRegion = English;
			hasScannedForEncodings = 0;
			knownRegions = (
				en,
				Base,
			);
			mainGroup = 37EDFFC41C696EA7003D6BAA;
			productRefGroup = 37EDFFCE1C696EA7003D6BAA /* Products */;
			projectDirPath = "";
			projectRoot = "";
			targets = (
				37EDFFCC1C696EA7003D6BAA /* CoffeeHipster */,
				37EDFFE31C696EA7003D6BAA /* CoffeeHipsterTests */,
			);
		};
/* End PBXProject section */

/* Begin PBXResourcesBuildPhase section */
		37EDFFCB1C696EA7003D6BAA /* Resources */ = {
			isa = PBXResourcesBuildPhase;
			buildActionMask = 2147483647;
			files = (
				37EDFFDE1C696EA7003D6BAA /* LaunchScreen.storyboard in Resources */,
				37EDFFDB1C696EA7003D6BAA /* Assets.xcassets in Resources */,
				37EDFFD61C696EA7003D6BAA /* Main.storyboard in Resources */,
			);
			runOnlyForDeploymentPostprocessing = 0;
		};
		37EDFFE21C696EA7003D6BAA /* Resources */ = {
			isa = PBXResourcesBuildPhase;
			buildActionMask = 2147483647;
			files = (
			);
			runOnlyForDeploymentPostprocessing = 0;
		};
/* End PBXResourcesBuildPhase section */

/* Begin PBXShellScriptBuildPhase section */
		540A28B4673F5F9DF5C9D5A6 /* Check Pods Manifest.lock */ = {
			isa = PBXShellScriptBuildPhase;
			buildActionMask = 2147483647;
			files = (
			);
			inputPaths = (
			);
			name = "Check Pods Manifest.lock";
			outputPaths = (
			);
			runOnlyForDeploymentPostprocessing = 0;
			shellPath = /bin/sh;
			shellScript = "diff \"${PODS_ROOT}/../Podfile.lock\" \"${PODS_ROOT}/Manifest.lock\" > /dev/null\nif [[ $? != 0 ]] ; then\n    cat << EOM\nerror: The sandbox is not in sync with the Podfile.lock. Run 'pod install' or update your CocoaPods installation.\nEOM\n    exit 1\nfi\n";
			showEnvVarsInLog = 0;
		};
		D79CB2EA81B2E9EA6E69068A /* Embed Pods Frameworks */ = {
			isa = PBXShellScriptBuildPhase;
			buildActionMask = 2147483647;
			files = (
			);
			inputPaths = (
			);
			name = "Embed Pods Frameworks";
			outputPaths = (
			);
			runOnlyForDeploymentPostprocessing = 0;
			shellPath = /bin/sh;
			shellScript = "\"${SRCROOT}/Pods/Target Support Files/Pods-CoffeeHipster/Pods-CoffeeHipster-frameworks.sh\"\n";
			showEnvVarsInLog = 0;
		};
		F832895EC47F6F7A62133CB2 /* Copy Pods Resources */ = {
			isa = PBXShellScriptBuildPhase;
			buildActionMask = 2147483647;
			files = (
			);
			inputPaths = (
			);
			name = "Copy Pods Resources";
			outputPaths = (
			);
			runOnlyForDeploymentPostprocessing = 0;
			shellPath = /bin/sh;
			shellScript = "\"${SRCROOT}/Pods/Target Support Files/Pods-CoffeeHipster/Pods-CoffeeHipster-resources.sh\"\n";
			showEnvVarsInLog = 0;
		};
/* End PBXShellScriptBuildPhase section */

/* Begin PBXSourcesBuildPhase section */
		37EDFFC91C696EA7003D6BAA /* Sources */ = {
			isa = PBXSourcesBuildPhase;
			buildActionMask = 2147483647;
			files = (
				370961031C987E4900416B57 /* PostTableViewCell.swift in Sources */,
				72BF88221CE3FFFE000FF5DB /* Extension+NSManagedObjectContext.swift in Sources */,
				729A06AD1CE16BD3006FBB6E /* TimerSettingsViewController.swift in Sources */,
				370961121C987F9400416B57 /* GCD.swift in Sources */,
				37ACAF9A1CCBBD940059CBB5 /* AskViewController.swift in Sources */,
				72AE8D3C1CE2A20500C35659 /* ManagedObjectContextSettable.swift in Sources */,
				37343BCC1C697EA80058CDDA /* HomeTableViewController.swift in Sources */,
				72AE8D561CE2E63C00C35659 /* Post1.swift in Sources */,
				37343BCA1C69788E0058CDDA /* MenuTableViewController.swift in Sources */,
				370960F81C9863C800416B57 /* ConnectionManager.swift in Sources */,
				72AE8D581CE2E63C00C35659 /* UserObj.swift in Sources */,
				37EDFFD11C696EA7003D6BAA /* AppDelegate.swift in Sources */,
				72AE8D661CE2E86F00C35659 /* Post.swift in Sources */,
				72AE8D411CE2A47200C35659 /* RootViewController.swift in Sources */,
				37EDFFD91C696EA7003D6BAA /* CoffeeHipster.xcdatamodeld in Sources */,
				726790601CE43FAE00E5A10F /* ExploreViewController.swift in Sources */,
				72AE8D371CE2A07300C35659 /* SegueHandlerType.swift in Sources */,
				72AE8D431CE2A96A00C35659 /* Extension+UIViewController.swift in Sources */,
				370961011C98749700416B57 /* Section.swift in Sources */,
				726790681CE4444F00E5A10F /* StatRepository.swift in Sources */,
				37ACAFA11CCBCF490059CBB5 /* HTTPUtility.swift in Sources */,
				726790641CE4420A00E5A10F /* TrendingTableViewController.swift in Sources */,
				37ACAF9F1CCBBFC10059CBB5 /* LoginViewController.swift in Sources */,
				72AE8D571CE2E63C00C35659 /* Tag.swift in Sources */,
				729A06B61CE17A64006FBB6E /* TimerPageViewController.swift in Sources */,
				37ACAF9D1CCBBF800059CBB5 /* QuestionViewController.swift in Sources */,
				729A06B41CE172C9006FBB6E /* TimerSettingsTableViewController.swift in Sources */,
				37CD2BCC1CCD650D00EE8382 /* PostRepository.swift in Sources */,
				72AE8D681CE2E86F00C35659 /* User.swift in Sources */,
				37CD2BCE1CCD653B00EE8382 /* UserRepository.swift in Sources */,
				72AE8D3F1CE2A39000C35659 /* RevealViewController.swift in Sources */,
				729A06B11CE16E08006FBB6E /* TimerPresetViewController.swift in Sources */,
				72AE8D451CE2AAB300C35659 /* Revealable.swift in Sources */,
				72AE8D391CE2A1CB00C35659 /* ManagedObject.swift in Sources */,
				729A06A91CE16B9D006FBB6E /* TimerViewController.swift in Sources */,
				72BF88261CE415DD000FF5DB /* Extension+NSManagedObject.swift in Sources */,
				7267905C1CE431D600E5A10F /* Extension+SegueHandlerType.swift in Sources */,
				726790661CE4436500E5A10F /* WikiRepository.swift in Sources */,
				37343BBE1C696FF30058CDDA /* SWRevealViewController.m in Sources */,
				7267905E1CE43B8900E5A10F /* Extension+UITableViewCell.swift in Sources */,
			);
			runOnlyForDeploymentPostprocessing = 0;
		};
		37EDFFE01C696EA7003D6BAA /* Sources */ = {
			isa = PBXSourcesBuildPhase;
			buildActionMask = 2147483647;
			files = (
				37EDFFE91C696EA7003D6BAA /* CoffeeHipsterTests.swift in Sources */,
			);
			runOnlyForDeploymentPostprocessing = 0;
		};
/* End PBXSourcesBuildPhase section */

/* Begin PBXTargetDependency section */
		37EDFFE61C696EA7003D6BAA /* PBXTargetDependency */ = {
			isa = PBXTargetDependency;
			target = 37EDFFCC1C696EA7003D6BAA /* CoffeeHipster */;
			targetProxy = 37EDFFE51C696EA7003D6BAA /* PBXContainerItemProxy */;
		};
/* End PBXTargetDependency section */

/* Begin PBXVariantGroup section */
		37EDFFD41C696EA7003D6BAA /* Main.storyboard */ = {
			isa = PBXVariantGroup;
			children = (
				37EDFFD51C696EA7003D6BAA /* Base */,
			);
			name = Main.storyboard;
			sourceTree = "<group>";
		};
		37EDFFDC1C696EA7003D6BAA /* LaunchScreen.storyboard */ = {
			isa = PBXVariantGroup;
			children = (
				37EDFFDD1C696EA7003D6BAA /* Base */,
			);
			name = LaunchScreen.storyboard;
			sourceTree = "<group>";
		};
/* End PBXVariantGroup section */

/* Begin XCBuildConfiguration section */
		37EDFFEB1C696EA7003D6BAA /* Debug */ = {
			isa = XCBuildConfiguration;
			buildSettings = {
				ALWAYS_SEARCH_USER_PATHS = NO;
				CLANG_CXX_LANGUAGE_STANDARD = "gnu++0x";
				CLANG_CXX_LIBRARY = "libc++";
				CLANG_ENABLE_MODULES = YES;
				CLANG_ENABLE_OBJC_ARC = YES;
				CLANG_WARN_BOOL_CONVERSION = YES;
				CLANG_WARN_CONSTANT_CONVERSION = YES;
				CLANG_WARN_DIRECT_OBJC_ISA_USAGE = YES_ERROR;
				CLANG_WARN_EMPTY_BODY = YES;
				CLANG_WARN_ENUM_CONVERSION = YES;
				CLANG_WARN_INT_CONVERSION = YES;
				CLANG_WARN_OBJC_ROOT_CLASS = YES_ERROR;
				CLANG_WARN_UNREACHABLE_CODE = YES;
				CLANG_WARN__DUPLICATE_METHOD_MATCH = YES;
				"CODE_SIGN_IDENTITY[sdk=iphoneos*]" = "iPhone Developer";
				COPY_PHASE_STRIP = NO;
				DEBUG_INFORMATION_FORMAT = dwarf;
				ENABLE_STRICT_OBJC_MSGSEND = YES;
				ENABLE_TESTABILITY = YES;
				GCC_C_LANGUAGE_STANDARD = gnu99;
				GCC_DYNAMIC_NO_PIC = NO;
				GCC_NO_COMMON_BLOCKS = YES;
				GCC_OPTIMIZATION_LEVEL = 0;
				GCC_PREPROCESSOR_DEFINITIONS = (
					"DEBUG=1",
					"$(inherited)",
				);
				GCC_WARN_64_TO_32_BIT_CONVERSION = YES;
				GCC_WARN_ABOUT_RETURN_TYPE = YES_ERROR;
				GCC_WARN_UNDECLARED_SELECTOR = YES;
				GCC_WARN_UNINITIALIZED_AUTOS = YES_AGGRESSIVE;
				GCC_WARN_UNUSED_FUNCTION = YES;
				GCC_WARN_UNUSED_VARIABLE = YES;
				IPHONEOS_DEPLOYMENT_TARGET = 9.2;
				MTL_ENABLE_DEBUG_INFO = YES;
				ONLY_ACTIVE_ARCH = YES;
				SDKROOT = iphoneos;
				SWIFT_OPTIMIZATION_LEVEL = "-Onone";
			};
			name = Debug;
		};
		37EDFFEC1C696EA7003D6BAA /* Release */ = {
			isa = XCBuildConfiguration;
			buildSettings = {
				ALWAYS_SEARCH_USER_PATHS = NO;
				CLANG_CXX_LANGUAGE_STANDARD = "gnu++0x";
				CLANG_CXX_LIBRARY = "libc++";
				CLANG_ENABLE_MODULES = YES;
				CLANG_ENABLE_OBJC_ARC = YES;
				CLANG_WARN_BOOL_CONVERSION = YES;
				CLANG_WARN_CONSTANT_CONVERSION = YES;
				CLANG_WARN_DIRECT_OBJC_ISA_USAGE = YES_ERROR;
				CLANG_WARN_EMPTY_BODY = YES;
				CLANG_WARN_ENUM_CONVERSION = YES;
				CLANG_WARN_INT_CONVERSION = YES;
				CLANG_WARN_OBJC_ROOT_CLASS = YES_ERROR;
				CLANG_WARN_UNREACHABLE_CODE = YES;
				CLANG_WARN__DUPLICATE_METHOD_MATCH = YES;
				"CODE_SIGN_IDENTITY[sdk=iphoneos*]" = "iPhone Developer";
				COPY_PHASE_STRIP = NO;
				DEBUG_INFORMATION_FORMAT = "dwarf-with-dsym";
				ENABLE_NS_ASSERTIONS = NO;
				ENABLE_STRICT_OBJC_MSGSEND = YES;
				GCC_C_LANGUAGE_STANDARD = gnu99;
				GCC_NO_COMMON_BLOCKS = YES;
				GCC_WARN_64_TO_32_BIT_CONVERSION = YES;
				GCC_WARN_ABOUT_RETURN_TYPE = YES_ERROR;
				GCC_WARN_UNDECLARED_SELECTOR = YES;
				GCC_WARN_UNINITIALIZED_AUTOS = YES_AGGRESSIVE;
				GCC_WARN_UNUSED_FUNCTION = YES;
				GCC_WARN_UNUSED_VARIABLE = YES;
				IPHONEOS_DEPLOYMENT_TARGET = 9.2;
				MTL_ENABLE_DEBUG_INFO = NO;
				SDKROOT = iphoneos;
				VALIDATE_PRODUCT = YES;
			};
			name = Release;
		};
		37EDFFEE1C696EA7003D6BAA /* Debug */ = {
			isa = XCBuildConfiguration;
			baseConfigurationReference = 275ADCAED731E9FE1DF592A1 /* Pods-CoffeeHipster.debug.xcconfig */;
			buildSettings = {
				ASSETCATALOG_COMPILER_APPICON_NAME = AppIcon;
				CLANG_ENABLE_MODULES = YES;
				INFOPLIST_FILE = CoffeeHipster/Info.plist;
				LD_RUNPATH_SEARCH_PATHS = "$(inherited) @executable_path/Frameworks";
				PRODUCT_BUNDLE_IDENTIFIER = com.codebeaulieu.CoffeeHipster;
				PRODUCT_NAME = "$(TARGET_NAME)";
				SWIFT_OBJC_BRIDGING_HEADER = "CoffeeHipster/CoffeeHipster-Bridging-Header.h";
				SWIFT_OPTIMIZATION_LEVEL = "-Onone";
			};
			name = Debug;
		};
		37EDFFEF1C696EA7003D6BAA /* Release */ = {
			isa = XCBuildConfiguration;
			baseConfigurationReference = 8D5EB6BEB010366BB1AF8BAE /* Pods-CoffeeHipster.release.xcconfig */;
			buildSettings = {
				ASSETCATALOG_COMPILER_APPICON_NAME = AppIcon;
				CLANG_ENABLE_MODULES = YES;
				INFOPLIST_FILE = CoffeeHipster/Info.plist;
				LD_RUNPATH_SEARCH_PATHS = "$(inherited) @executable_path/Frameworks";
				PRODUCT_BUNDLE_IDENTIFIER = com.codebeaulieu.CoffeeHipster;
				PRODUCT_NAME = "$(TARGET_NAME)";
				SWIFT_OBJC_BRIDGING_HEADER = "CoffeeHipster/CoffeeHipster-Bridging-Header.h";
			};
			name = Release;
		};
		37EDFFF11C696EA7003D6BAA /* Debug */ = {
			isa = XCBuildConfiguration;
			buildSettings = {
				BUNDLE_LOADER = "$(TEST_HOST)";
				INFOPLIST_FILE = CoffeeHipsterTests/Info.plist;
				LD_RUNPATH_SEARCH_PATHS = "$(inherited) @executable_path/Frameworks @loader_path/Frameworks";
				PRODUCT_BUNDLE_IDENTIFIER = com.codebeaulieu.CoffeeHipsterTests;
				PRODUCT_NAME = "$(TARGET_NAME)";
				TEST_HOST = "$(BUILT_PRODUCTS_DIR)/CoffeeHipster.app/CoffeeHipster";
			};
			name = Debug;
		};
		37EDFFF21C696EA7003D6BAA /* Release */ = {
			isa = XCBuildConfiguration;
			buildSettings = {
				BUNDLE_LOADER = "$(TEST_HOST)";
				INFOPLIST_FILE = CoffeeHipsterTests/Info.plist;
				LD_RUNPATH_SEARCH_PATHS = "$(inherited) @executable_path/Frameworks @loader_path/Frameworks";
				PRODUCT_BUNDLE_IDENTIFIER = com.codebeaulieu.CoffeeHipsterTests;
				PRODUCT_NAME = "$(TARGET_NAME)";
				TEST_HOST = "$(BUILT_PRODUCTS_DIR)/CoffeeHipster.app/CoffeeHipster";
			};
			name = Release;
		};
/* End XCBuildConfiguration section */

/* Begin XCConfigurationList section */
		37EDFFC81C696EA7003D6BAA /* Build configuration list for PBXProject "CoffeeHipster" */ = {
			isa = XCConfigurationList;
			buildConfigurations = (
				37EDFFEB1C696EA7003D6BAA /* Debug */,
				37EDFFEC1C696EA7003D6BAA /* Release */,
			);
			defaultConfigurationIsVisible = 0;
			defaultConfigurationName = Release;
		};
		37EDFFED1C696EA7003D6BAA /* Build configuration list for PBXNativeTarget "CoffeeHipster" */ = {
			isa = XCConfigurationList;
			buildConfigurations = (
				37EDFFEE1C696EA7003D6BAA /* Debug */,
				37EDFFEF1C696EA7003D6BAA /* Release */,
			);
			defaultConfigurationIsVisible = 0;
			defaultConfigurationName = Release;
		};
		37EDFFF01C696EA7003D6BAA /* Build configuration list for PBXNativeTarget "CoffeeHipsterTests" */ = {
			isa = XCConfigurationList;
			buildConfigurations = (
				37EDFFF11C696EA7003D6BAA /* Debug */,
				37EDFFF21C696EA7003D6BAA /* Release */,
			);
			defaultConfigurationIsVisible = 0;
			defaultConfigurationName = Release;
		};
/* End XCConfigurationList section */

/* Begin XCVersionGroup section */
		37EDFFD71C696EA7003D6BAA /* CoffeeHipster.xcdatamodeld */ = {
			isa = XCVersionGroup;
			children = (
				37EDFFD81C696EA7003D6BAA /* CoffeeHipster.xcdatamodel */,
			);
			currentVersion = 37EDFFD81C696EA7003D6BAA /* CoffeeHipster.xcdatamodel */;
			path = CoffeeHipster.xcdatamodeld;
			sourceTree = "<group>";
			versionGroupType = wrapper.xcdatamodel;
		};
/* End XCVersionGroup section */
	};
	rootObject = 37EDFFC51C696EA7003D6BAA /* Project object */;
}
